
Microsoft Visual Studio Solution File, Format Version 12.00
# Visual Studio Version 17
VisualStudioVersion = 17.14.36109.1
MinimumVisualStudioVersion = 10.0.40219.1
Project("{FAE04EC0-301F-11D3-BF4B-00C04F79EFBC}") = "DepartmentService", "DepartmentService\DepartmentService.csproj", "{A8DA35DB-0DE0-4D95-ADB4-400A5C9C05E0}"
EndProject
Project("{2150E333-8FDC-42A3-9474-1A3956D46DE8}") = "Элементы решения", "Элементы решения", "{754FC069-D67B-A9D7-50A1-8D1CA196D8F1}"
	ProjectSection(SolutionItems) = preProject
		docker-compose.yml = docker-compose.yml
		nginx.conf = nginx.conf
	EndProjectSection
EndProject
Project("{FAE04EC0-301F-11D3-BF4B-00C04F79EFBC}") = "FacultyService", "FacultyService\FacultyService.csproj", "{4D5F2D45-8C30-4974-8E65-C49FF9C61EF6}"
EndProject
Global
	GlobalSection(SolutionConfigurationPlatforms) = preSolution
		Debug|Any CPU = Debug|Any CPU
		Release|Any CPU = Release|Any CPU
	EndGlobalSection
	GlobalSection(ProjectConfigurationPlatforms) = postSolution
		{A8DA35DB-0DE0-4D95-ADB4-400A5C9C05E0}.Debug|Any CPU.ActiveCfg = Debug|Any CPU
		{A8DA35DB-0DE0-4D95-ADB4-400A5C9C05E0}.Debug|Any CPU.Build.0 = Debug|Any CPU
		{A8DA35DB-0DE0-4D95-ADB4-400A5C9C05E0}.Release|Any CPU.ActiveCfg = Release|Any CPU
		{A8DA35DB-0DE0-4D95-ADB4-400A5C9C05E0}.Release|Any CPU.Build.0 = Release|Any CPU
		{4D5F2D45-8C30-4974-8E65-C49FF9C61EF6}.Debug|Any CPU.ActiveCfg = Debug|Any CPU
		{4D5F2D45-8C30-4974-8E65-C49FF9C61EF6}.Debug|Any CPU.Build.0 = Debug|Any CPU
		{4D5F2D45-8C30-4974-8E65-C49FF9C61EF6}.Release|Any CPU.ActiveCfg = Release|Any CPU
		{4D5F2D45-8C30-4974-8E65-C49FF9C61EF6}.Release|Any CPU.Build.0 = Release|Any CPU
	EndGlobalSection
	GlobalSection(SolutionProperties) = preSolution
		HideSolutionNode = FALSE
	EndGlobalSection
	GlobalSection(ExtensibilityGlobals) = postSolution
		SolutionGuid = {03D9DA08-4CE7-4105-A8AC-8066B4DE5BA2}
	EndGlobalSection
EndGlobal
